
Microsoft Visual Studio Solution File, Format Version 12.00
# Visual Studio Version 17
VisualStudioVersion = 17.7.34018.315
MinimumVisualStudioVersion = 10.0.40219.1
Project("{9A19103F-16F7-4668-BE54-9A1E7A4F7556}") = "PNumberValidator", "PNumberValidator.csproj", "{A61DF859-0481-44A9-A631-8E026BDF527F}"
EndProject
Project("{FAE04EC0-301F-11D3-BF4B-00C04F79EFBC}") = "PNumberValidatorTests", "..\PNumberValidatorTests\PNumberValidatorTests.csproj", "{01A3F040-5DA3-4C8F-9F62-F486BBD2DE4B}"
EndProject
Global
	GlobalSection(SolutionConfigurationPlatforms) = preSolution
		Debug|Any CPU = Debug|Any CPU
		Release|Any CPU = Release|Any CPU
	EndGlobalSection
	GlobalSection(ProjectConfigurationPlatforms) = postSolution
		{A61DF859-0481-44A9-A631-8E026BDF527F}.Debug|Any CPU.ActiveCfg = Debug|Any CPU
		{A61DF859-0481-44A9-A631-8E026BDF527F}.Debug|Any CPU.Build.0 = Debug|Any CPU
		{A61DF859-0481-44A9-A631-8E026BDF527F}.Release|Any CPU.ActiveCfg = Release|Any CPU
		{A61DF859-0481-44A9-A631-8E026BDF527F}.Release|Any CPU.Build.0 = Release|Any CPU
		{01A3F040-5DA3-4C8F-9F62-F486BBD2DE4B}.Debug|Any CPU.ActiveCfg = Debug|Any CPU
		{01A3F040-5DA3-4C8F-9F62-F486BBD2DE4B}.Debug|Any CPU.Build.0 = Debug|Any CPU
		{01A3F040-5DA3-4C8F-9F62-F486BBD2DE4B}.Release|Any CPU.ActiveCfg = Release|Any CPU
		{01A3F040-5DA3-4C8F-9F62-F486BBD2DE4B}.Release|Any CPU.Build.0 = Release|Any CPU
	EndGlobalSection
	GlobalSection(SolutionProperties) = preSolution
		HideSolutionNode = FALSE
	EndGlobalSection
	GlobalSection(ExtensibilityGlobals) = postSolution
		SolutionGuid = {8DF827E4-1FC1-4D75-BE99-90C118FC8D43}
	EndGlobalSection
EndGlobal
